{
  "requires": true,
  "lockfileVersion": 1,
  "dependencies": {
    "chart.js": {
      "version": "3.4.0",
      "resolved": "https://registry.npmjs.org/chart.js/-/chart.js-3.4.0.tgz",
      "integrity": "sha512-mJsRm2apQm5mwz2OgYqGNG4erZh/qljcRZkWSa0kLkFr3UC3e1wKRMgnIh6WdhUrNu0w/JT9PkjLyylqEqHXEQ=="
    }
  }
}
